
Microsoft Visual Studio Solution File, Format Version 12.00
# Visual Studio 14
VisualStudioVersion = 14.0.25123.0
MinimumVisualStudioVersion = 10.0.40219.1
Project("{FAE04EC0-301F-11D3-BF4B-00C04F79EFBC}") = "SportsStore.Domain", "SportsStore.Domain\SportsStore.Domain.csproj", "{FA4FE797-F97A-4816-80E4-17214D8BA206}"
EndProject
Project("{FAE04EC0-301F-11D3-BF4B-00C04F79EFBC}") = "SportsStore.WebUI", "SportsStore.WebUI\SportsStore.WebUI.csproj", "{DAD93C70-A304-4A1A-906E-0FFC4BFA375B}"
	ProjectSection(ProjectDependencies) = postProject
		{FA4FE797-F97A-4816-80E4-17214D8BA206} = {FA4FE797-F97A-4816-80E4-17214D8BA206}
	EndProjectSection
EndProject
Project("{FAE04EC0-301F-11D3-BF4B-00C04F79EFBC}") = "SportsStore.UnitTests", "SportsStore.UnitTests\SportsStore.UnitTests.csproj", "{4BA38437-6B89-4F60-9E7B-FCC33B3D6EB5}"
	ProjectSection(ProjectDependencies) = postProject
		{DAD93C70-A304-4A1A-906E-0FFC4BFA375B} = {DAD93C70-A304-4A1A-906E-0FFC4BFA375B}
		{FA4FE797-F97A-4816-80E4-17214D8BA206} = {FA4FE797-F97A-4816-80E4-17214D8BA206}
	EndProjectSection
EndProject
Global
	GlobalSection(SolutionConfigurationPlatforms) = preSolution
		Debug|Any CPU = Debug|Any CPU
		Release|Any CPU = Release|Any CPU
	EndGlobalSection
	GlobalSection(ProjectConfigurationPlatforms) = postSolution
		{FA4FE797-F97A-4816-80E4-17214D8BA206}.Debug|Any CPU.ActiveCfg = Debug|Any CPU
		{FA4FE797-F97A-4816-80E4-17214D8BA206}.Debug|Any CPU.Build.0 = Debug|Any CPU
		{FA4FE797-F97A-4816-80E4-17214D8BA206}.Release|Any CPU.ActiveCfg = Release|Any CPU
		{FA4FE797-F97A-4816-80E4-17214D8BA206}.Release|Any CPU.Build.0 = Release|Any CPU
		{DAD93C70-A304-4A1A-906E-0FFC4BFA375B}.Debug|Any CPU.ActiveCfg = Debug|Any CPU
		{DAD93C70-A304-4A1A-906E-0FFC4BFA375B}.Debug|Any CPU.Build.0 = Debug|Any CPU
		{DAD93C70-A304-4A1A-906E-0FFC4BFA375B}.Release|Any CPU.ActiveCfg = Release|Any CPU
		{DAD93C70-A304-4A1A-906E-0FFC4BFA375B}.Release|Any CPU.Build.0 = Release|Any CPU
		{4BA38437-6B89-4F60-9E7B-FCC33B3D6EB5}.Debug|Any CPU.ActiveCfg = Debug|Any CPU
		{4BA38437-6B89-4F60-9E7B-FCC33B3D6EB5}.Debug|Any CPU.Build.0 = Debug|Any CPU
		{4BA38437-6B89-4F60-9E7B-FCC33B3D6EB5}.Release|Any CPU.ActiveCfg = Release|Any CPU
		{4BA38437-6B89-4F60-9E7B-FCC33B3D6EB5}.Release|Any CPU.Build.0 = Release|Any CPU
	EndGlobalSection
	GlobalSection(SolutionProperties) = preSolution
		HideSolutionNode = FALSE
	EndGlobalSection
EndGlobal
